{
  "name": "portfolio",
  "lockfileVersion": 3,
  "requires": true,
  "packages": {
    "": {
      "devDependencies": {
        "daisyui": "^5.6.10"
      }
    },
    "node_modules/daisyui": {
      "version": "5.6.10",
      "resolved": "https://registry.npmjs.org/daisyui/-/daisyui-5.6.10.tgz",
      "integrity": "sha512-vk2E+iIETWGd/jUAC0Bu6OLU4HJSSj7Q2vvsZGiJN/+vt1RK3/UEiLYC9GTldQdD3yQkjNzWb8AYYpmTenQzJg==",
      "dev": true,
      "license": "MIT",
      "funding": {
        "url": "https://github.com/saadeghi/daisyui?sponsor=1"
      }
    }
  }
}
